// !$*UTF8*$!
{
	archiveVersion = 1;
	classes = {
	};
	objectVersion = 50;
	objects = {

/* Begin PBXBuildFile section */
		A11B21612268FA070092F269 /* SplashScreen.swift in Sources */ = {isa = PBXBuildFile; fileRef = A11B21602268FA070092F269 /* SplashScreen.swift */; };
		A11B21632268FFF30092F269 /* extensions.swift in Sources */ = {isa = PBXBuildFile; fileRef = A11B21622268FFF30092F269 /* extensions.swift */; };
		A1AD64D02266F18700043E29 /* AppDelegate.swift in Sources */ = {isa = PBXBuildFile; fileRef = A1AD64CF2266F18700043E29 /* AppDelegate.swift */; };
		A1AD64D22266F18700043E29 /* ViewController.swift in Sources */ = {isa = PBXBuildFile; fileRef = A1AD64D12266F18700043E29 /* ViewController.swift */; };
		A1AD64D52266F18700043E29 /* Main.storyboard in Resources */ = {isa = PBXBuildFile; fileRef = A1AD64D32266F18700043E29 /* Main.storyboard */; };
		A1AD64D72266F1CD00043E29 /* Assets.xcassets in Resources */ = {isa = PBXBuildFile; fileRef = A1AD64D62266F1CD00043E29 /* Assets.xcassets */; };
		A1AD64DA2266F1CD00043E29 /* LaunchScreen.storyboard in Resources */ = {isa = PBXBuildFile; fileRef = A1AD64D82266F1CD00043E29 /* LaunchScreen.storyboard */; };
		A1AD64E222683FBE00043E29 /* DetailsPage.swift in Sources */ = {isa = PBXBuildFile; fileRef = A1AD64E122683FBE00043E29 /* DetailsPage.swift */; };
/* End PBXBuildFile section */

/* Begin PBXFileReference section */
		A11B21602268FA070092F269 /* SplashScreen.swift */ = {isa = PBXFileReference; lastKnownFileType = sourcecode.swift; path = SplashScreen.swift; sourceTree = "<group>"; };
		A11B21622268FFF30092F269 /* extensions.swift */ = {isa = PBXFileReference; lastKnownFileType = sourcecode.swift; path = extensions.swift; sourceTree = "<group>"; };
		A1AD64CC2266F18700043E29 /* ProgramaticUI.app */ = {isa = PBXFileReference; explicitFileType = wrapper.application; includeInIndex = 0; path = ProgramaticUI.app; sourceTree = BUILT_PRODUCTS_DIR; };
		A1AD64CF2266F18700043E29 /* AppDelegate.swift */ = {isa = PBXFileReference; lastKnownFileType = sourcecode.swift; path = AppDelegate.swift; sourceTree = "<group>"; };
		A1AD64D12266F18700043E29 /* ViewController.swift */ = {isa = PBXFileReference; lastKnownFileType = sourcecode.swift; path = ViewController.swift; sourceTree = "<group>"; };
		A1AD64D42266F18700043E29 /* Base */ = {isa = PBXFileReference; lastKnownFileType = file.storyboard; name = Base; path = Base.lproj/Main.storyboard; sourceTree = "<group>"; };
		A1AD64D62266F1CD00043E29 /* Assets.xcassets */ = {isa = PBXFileReference; lastKnownFileType = folder.assetcatalog; path = Assets.xcassets; sourceTree = "<group>"; };
		A1AD64D92266F1CD00043E29 /* Base */ = {isa = PBXFileReference; lastKnownFileType = file.storyboard; name = Base; path = Base.lproj/LaunchScreen.storyboard; sourceTree = "<group>"; };
		A1AD64DB2266F1CD00043E29 /* Info.plist */ = {isa = PBXFileReference; lastKnownFileType = text.plist.xml; path = Info.plist; sourceTree = "<group>"; };
		A1AD64E122683FBE00043E29 /* DetailsPage.swift */ = {isa = PBXFileReference; lastKnownFileType = sourcecode.swift; path = DetailsPage.swift; sourceTree = "<group>"; };
/* End PBXFileReference section */

/* Begin PBXFrameworksBuildPhase section */
		A1AD64C92266F18700043E29 /* Frameworks */ = {
			isa = PBXFrameworksBuildPhase;
			buildActionMask = 2147483647;
			files = (
			);
			runOnlyForDeploymentPostprocessing = 0;
		};
/* End PBXFrameworksBuildPhase section */

/* Begin PBXGroup section */
		A1AD64C32266F18600043E29 = {
			isa = PBXGroup;
			children = (
				A1AD64CE2266F18700043E29 /* ProgramaticUI */,
				A1AD64CD2266F18700043E29 /* Products */,
			);
			sourceTree = "<group>";
		};
		A1AD64CD2266F18700043E29 /* Products */ = {
			isa = PBXGroup;
			children = (
				A1AD64CC2266F18700043E29 /* ProgramaticUI.app */,
			);
			name = Products;
			sourceTree = "<group>";
		};
		A1AD64CE2266F18700043E29 /* ProgramaticUI */ = {
			isa = PBXGroup;
			children = (
				A1AD64CF2266F18700043E29 /* AppDelegate.swift */,
				A1AD64D12266F18700043E29 /* ViewController.swift */,
				A1AD64E122683FBE00043E29 /* DetailsPage.swift */,
				A1AD64D32266F18700043E29 /* Main.storyboard */,
				A1AD64D62266F1CD00043E29 /* Assets.xcassets */,
				A1AD64D82266F1CD00043E29 /* LaunchScreen.storyboard */,
				A1AD64DB2266F1CD00043E29 /* Info.plist */,
				A11B21602268FA070092F269 /* SplashScreen.swift */,
				A11B21622268FFF30092F269 /* extensions.swift */,
			);
			path = ProgramaticUI;
			sourceTree = "<group>";
		};
/* End PBXGroup section */

/* Begin PBXNativeTarget section */
		A1AD64CB2266F18700043E29 /* ProgramaticUI */ = {
			isa = PBXNativeTarget;
			buildConfigurationList = A1AD64DE2266F1CD00043E29 /* Build configuration list for PBXNativeTarget "ProgramaticUI" */;
			buildPhases = (
				A1AD64C82266F18700043E29 /* Sources */,
				A1AD64C92266F18700043E29 /* Frameworks */,
				A1AD64CA2266F18700043E29 /* Resources */,
			);
			buildRules = (
			);
			dependencies = (
			);
			name = ProgramaticUI;
			productName = ProgramaticUI;
			productReference = A1AD64CC2266F18700043E29 /* ProgramaticUI.app */;
			productType = "com.apple.product-type.application";
		};
/* End PBXNativeTarget section */

/* Begin PBXProject section */
		A1AD64C42266F18600043E29 /* Project object */ = {
			isa = PBXProject;
			attributes = {
				LastSwiftUpdateCheck = 1010;
				LastUpgradeCheck = 1010;
				ORGANIZATIONNAME = sinbad;
				TargetAttributes = {
					A1AD64CB2266F18700043E29 = {
						CreatedOnToolsVersion = 10.1;
					};
				};
			};
			buildConfigurationList = A1AD64C72266F18600043E29 /* Build configuration list for PBXProject "ProgramaticUI" */;
			compatibilityVersion = "Xcode 9.3";
			developmentRegion = en;
			hasScannedForEncodings = 0;
			knownRegions = (
				en,
				Base,
			);
			mainGroup = A1AD64C32266F18600043E29;
			productRefGroup = A1AD64CD2266F18700043E29 /* Products */;
			projectDirPath = "";
			projectRoot = "";
			targets = (
				A1AD64CB2266F18700043E29 /* ProgramaticUI */,
			);
		};
/* End PBXProject section */

/* Begin PBXResourcesBuildPhase section */
		A1AD64CA2266F18700043E29 /* Resources */ = {
			isa = PBXResourcesBuildPhase;
			buildActionMask = 2147483647;
			files = (
				A1AD64DA2266F1CD00043E29 /* LaunchScreen.storyboard in Resources */,
				A1AD64D72266F1CD00043E29 /* Assets.xcassets in Resources */,
				A1AD64D52266F18700043E29 /* Main.storyboard in Resources */,
			);
			runOnlyForDeploymentPostprocessing = 0;
		};
/* End PBXResourcesBuildPhase section */

/* Begin PBXSourcesBuildPhase section */
		A1AD64C82266F18700043E29 /* Sources */ = {
			isa = PBXSourcesBuildPhase;
			buildActionMask = 2147483647;
			files = (
				A11B21632268FFF30092F269 /* extensions.swift in Sources */,
				A11B21612268FA070092F269 /* SplashScreen.swift in Sources */,
				A1AD64E222683FBE00043E29 /* DetailsPage.swift in Sources */,
				A1AD64D22266F18700043E29 /* ViewController.swift in Sources */,
				A1AD64D02266F18700043E29 /* AppDelegate.swift in Sources */,
			);
			runOnlyForDeploymentPostprocessing = 0;
		};
/* End PBXSourcesBuildPhase section */

/* Begin PBXVariantGroup section */
		A1AD64D32266F18700043E29 /* Main.storyboard */ = {
			isa = PBXVariantGroup;
			children = (
				A1AD64D42266F18700043E29 /* Base */,
			);
			name = Main.storyboard;
			sourceTree = "<group>";
		};
		A1AD64D82266F1CD00043E29 /* LaunchScreen.storyboard */ = {
			isa = PBXVariantGroup;
			children = (
				A1AD64D92266F1CD00043E29 /* Base */,
			);
			name = LaunchScreen.storyboard;
			sourceTree = "<group>";
		};
/* End PBXVariantGroup section */

/* Begin XCBuildConfiguration section */
		A1AD64DC2266F1CD00043E29 /* Debug */ = {
			isa = XCBuildConfiguration;
			buildSettings = {
				ALWAYS_SEARCH_USER_PATHS = NO;
				CLANG_ANALYZER_NONNULL = YES;
				CLANG_ANALYZER_NUMBER_OBJECT_CONVERSION = YES_AGGRESSIVE;
				CLANG_CXX_LANGUAGE_STANDARD = "gnu++14";
				CLANG_CXX_LIBRARY = "libc++";
				CLANG_ENABLE_MODULES = YES;
				CLANG_ENABLE_OBJC_ARC = YES;
				CLANG_ENABLE_OBJC_WEAK = YES;
				CLANG_WARN_BLOCK_CAPTURE_AUTORELEASING = YES;
				CLANG_WARN_BOOL_CONVERSION = YES;
				CLANG_WARN_COMMA = YES;
				CLANG_WARN_CONSTANT_CONVERSION = YES;
				CLANG_WARN_DEPRECATED_OBJC_IMPLEMENTATIONS = YES;
				CLANG_WARN_DIRECT_OBJC_ISA_USAGE = YES_ERROR;
				CLANG_WARN_DOCUMENTATION_COMMENTS = YES;
				CLANG_WARN_EMPTY_BODY = YES;
				CLANG_WARN_ENUM_CONVERSION = YES;
				CLANG_WARN_INFINITE_RECURSION = YES;
				CLANG_WARN_INT_CONVERSION = YES;
				CLANG_WARN_NON_LITERAL_NULL_CONVERSION = YES;
				CLANG_WARN_OBJC_IMPLICIT_RETAIN_SELF = YES;
				CLANG_WARN_OBJC_LITERAL_CONVERSION = YES;
				CLANG_WARN_OBJC_ROOT_CLASS = YES_ERROR;
				CLANG_WARN_RANGE_LOOP_ANALYSIS = YES;
				CLANG_WARN_STRICT_PROTOTYPES = YES;
				CLANG_WARN_SUSPICIOUS_MOVE = YES;
				CLANG_WARN_UNGUARDED_AVAILABILITY = YES_AGGRESSIVE;
				CLANG_WARN_UNREACHABLE_CODE = YES;
				CLANG_WARN__DUPLICATE_METHOD_MATCH = YES;
				CODE_SIGN_IDENTITY = "iPhone Developer";
				COPY_PHASE_STRIP = NO;
				DEBUG_INFORMATION_FORMAT = dwarf;
				ENABLE_STRICT_OBJC_MSGSEND = YES;
				ENABLE_TESTABILITY = YES;
				GCC_C_LANGUAGE_STANDARD = gnu11;
				GCC_DYNAMIC_NO_PIC = NO;
				GCC_NO_COMMON_BLOCKS = YES;
				GCC_OPTIMIZATION_LEVEL = 0;
				GCC_PREPROCESSOR_DEFINITIONS = (
					"DEBUG=1",
					"$(inherited)",
				);
				GCC_WARN_64_TO_32_BIT_CONVERSION = YES;
				GCC_WARN_ABOUT_RETURN_TYPE = YES_ERROR;
				GCC_WARN_UNDECLARED_SELECTOR = YES;
				GCC_WARN_UNINITIALIZED_AUTOS = YES_AGGRESSIVE;
				GCC_WARN_UNUSED_FUNCTION = YES;
				GCC_WARN_UNUSED_VARIABLE = YES;
				IPHONEOS_DEPLOYMENT_TARGET = 12.1;
				MTL_ENABLE_DEBUG_INFO = INCLUDE_SOURCE;
				MTL_FAST_MATH = YES;
				ONLY_ACTIVE_ARCH = YES;
				SDKROOT = iphoneos;
				SWIFT_ACTIVE_COMPILATION_CONDITIONS = DEBUG;
				SWIFT_OPTIMIZATION_LEVEL = "-Onone";
			};
			name = Debug;
		};
		A1AD64DD2266F1CD00043E29 /* Release */ = {
			isa = XCBuildConfiguration;
			buildSettings = {
				ALWAYS_SEARCH_USER_PATHS = NO;
				CLANG_ANALYZER_NONNULL = YES;
				CLANG_ANALYZER_NUMBER_OBJECT_CONVERSION = YES_AGGRESSIVE;
				CLANG_CXX_LANGUAGE_STANDARD = "gnu++14";
				CLANG_CXX_LIBRARY = "libc++";
				CLANG_ENABLE_MODULES = YES;
				CLANG_ENABLE_OBJC_ARC = YES;
				CLANG_ENABLE_OBJC_WEAK = YES;
				CLANG_WARN_BLOCK_CAPTURE_AUTORELEASING = YES;
				CLANG_WARN_BOOL_CONVERSION = YES;
				CLANG_WARN_COMMA = YES;
				CLANG_WARN_CONSTANT_CONVERSION = YES;
				CLANG_WARN_DEPRECATED_OBJC_IMPLEMENTATIONS = YES;
				CLANG_WARN_DIRECT_OBJC_ISA_USAGE = YES_ERROR;
				CLANG_WARN_DOCUMENTATION_COMMENTS = YES;
				CLANG_WARN_EMPTY_BODY = YES;
				CLANG_WARN_ENUM_CONVERSION = YES;
				CLANG_WARN_INFINITE_RECURSION = YES;
				CLANG_WARN_INT_CONVERSION = YES;
				CLANG_WARN_NON_LITERAL_NULL_CONVERSION = YES;
				CLANG_WARN_OBJC_IMPLICIT_RETAIN_SELF = YES;
				CLANG_WARN_OBJC_LITERAL_CONVERSION = YES;
				CLANG_WARN_OBJC_ROOT_CLASS = YES_ERROR;
				CLANG_WARN_RANGE_LOOP_ANALYSIS = YES;
				CLANG_WARN_STRICT_PROTOTYPES = YES;
				CLANG_WARN_SUSPICIOUS_MOVE = YES;
				CLANG_WARN_UNGUARDED_AVAILABILITY = YES_AGGRESSIVE;
				CLANG_WARN_UNREACHABLE_CODE = YES;
				CLANG_WARN__DUPLICATE_METHOD_MATCH = YES;
				CODE_SIGN_IDENTITY = "iPhone Developer";
				COPY_PHASE_STRIP = NO;
				DEBUG_INFORMATION_FORMAT = "dwarf-with-dsym";
				ENABLE_NS_ASSERTIONS = NO;
				ENABLE_STRICT_OBJC_MSGSEND = YES;
				GCC_C_LANGUAGE_STANDARD = gnu11;
				GCC_NO_COMMON_BLOCKS = YES;
				GCC_WARN_64_TO_32_BIT_CONVERSION = YES;
				GCC_WARN_ABOUT_RETURN_TYPE = YES_ERROR;
				GCC_WARN_UNDECLARED_SELECTOR = YES;
				GCC_WARN_UNINITIALIZED_AUTOS = YES_AGGRESSIVE;
				GCC_WARN_UNUSED_FUNCTION = YES;
				GCC_WARN_UNUSED_VARIABLE = YES;
				IPHONEOS_DEPLOYMENT_TARGET = 12.1;
				MTL_ENABLE_DEBUG_INFO = NO;
				MTL_FAST_MATH = YES;
				SDKROOT = iphoneos;
				SWIFT_COMPILATION_MODE = wholemodule;
				SWIFT_OPTIMIZATION_LEVEL = "-O";
				VALIDATE_PRODUCT = YES;
			};
			name = Release;
		};
		A1AD64DF2266F1CD00043E29 /* Debug */ = {
			isa = XCBuildConfiguration;
			buildSettings = {
				ASSETCATALOG_COMPILER_APPICON_NAME = AppIcon;
				CODE_SIGN_STYLE = Automatic;
				INFOPLIST_FILE = ProgramaticUI/Info.plist;
				LD_RUNPATH_SEARCH_PATHS = (
					"$(inherited)",
					"@executable_path/Frameworks",
				);
				PRODUCT_BUNDLE_IDENTIFIER = com.devslop.ProgramaticUI;
				PRODUCT_NAME = "$(TARGET_NAME)";
				SWIFT_VERSION = 4.2;
				TARGETED_DEVICE_FAMILY = "1,2";
			};
			name = Debug;
		};
		A1AD64E02266F1CD00043E29 /* Release */ = {
			isa = XCBuildConfiguration;
			buildSettings = {
				ASSETCATALOG_COMPILER_APPICON_NAME = AppIcon;
				CODE_SIGN_STYLE = Automatic;
				INFOPLIST_FILE = ProgramaticUI/Info.plist;
				LD_RUNPATH_SEARCH_PATHS = (
					"$(inherited)",
					"@executable_path/Frameworks",
				);
				PRODUCT_BUNDLE_IDENTIFIER = com.devslop.ProgramaticUI;
				PRODUCT_NAME = "$(TARGET_NAME)";
				SWIFT_VERSION = 4.2;
				TARGETED_DEVICE_FAMILY = "1,2";
			};
			name = Release;
		};
/* End XCBuildConfiguration section */

/* Begin XCConfigurationList section */
		A1AD64C72266F18600043E29 /* Build configuration list for PBXProject "ProgramaticUI" */ = {
			isa = XCConfigurationList;
			buildConfigurations = (
				A1AD64DC2266F1CD00043E29 /* Debug */,
				A1AD64DD2266F1CD00043E29 /* Release */,
			);
			defaultConfigurationIsVisible = 0;
			defaultConfigurationName = Release;
		};
		A1AD64DE2266F1CD00043E29 /* Build configuration list for PBXNativeTarget "ProgramaticUI" */ = {
			isa = XCConfigurationList;
			buildConfigurations = (
				A1AD64DF2266F1CD00043E29 /* Debug */,
				A1AD64E02266F1CD00043E29 /* Release */,
			);
			defaultConfigurationIsVisible = 0;
			defaultConfigurationName = Release;
		};
/* End XCConfigurationList section */
	};
	rootObject = A1AD64C42266F18600043E29 /* Project object */;
}
